{
  "requires": true,
  "lockfileVersion": 1,
  "dependencies": {
    "@fortawesome/fontawesome": {
      "version": "1.1.7",
      "resolved": "https://registry.npmjs.org/@fortawesome/fontawesome/-/fontawesome-1.1.7.tgz",
      "integrity": "sha512-N2xkrhWyPkjs7fu3fH8UhuhEcIcS23ArrPIAJOiqttNy1Xip3/ZSolXtreIbMmex/W3NpCEL1hPmeVZJ0d9sLg==",
      "requires": {
        "@fortawesome/fontawesome-common-types": "0.1.6"
      }
    },
    "@fortawesome/fontawesome-common-types": {
      "version": "0.1.6",
      "resolved": "https://registry.npmjs.org/@fortawesome/fontawesome-common-types/-/fontawesome-common-types-0.1.6.tgz",
      "integrity": "sha512-p4oEK5k1Uy2va1jLv2eVRLv6LJwXw/EkZTm8ZFX9YAga2vuzhHuIsaL1FAtkqzZJ/ZpEygTle5eGTe3Hc9jvuA=="
    },
    "bootstrap": {
      "version": "4.1.1",
      "resolved": "https://registry.npmjs.org/bootstrap/-/bootstrap-4.1.1.tgz",
      "integrity": "sha512-SpiDSOcbg4J/PjVSt4ny5eY6j74VbVSjROY4Fb/WIUXBV9cnb5luyR4KnPvNoXuGnBK1T+nJIWqRsvU3yP8Mcg=="
    },
    "jquery": {
      "version": "3.3.1",
      "resolved": "https://registry.npmjs.org/jquery/-/jquery-3.3.1.tgz",
      "integrity": "sha512-Ubldcmxp5np52/ENotGxlLe6aGMvmF4R8S6tZjsP6Knsaxd/xp3Zrh50cG93lR6nPXyUFwzN3ZSOQI0wRJNdGg=="
    },
    "popper.js": {
      "version": "1.14.3",
      "resolved": "https://registry.npmjs.org/popper.js/-/popper.js-1.14.3.tgz",
      "integrity": "sha1-FDj5jQRqz3tNeM1QK/QYrGTU8JU="
    }
  }
}
